// !$*UTF8*$!
{
	archiveVersion = 1;
	classes = {
	};
	objectVersion = 46;
	objects = {

/* Begin PBXFileReference section */
		DC8C5AFC1A3DA03400701EF7 /* osx_handmade.mm */ = {isa = PBXFileReference; lastKnownFileType = sourcecode.cpp.objcpp; name = osx_handmade.mm; path = ../../osx_handmade.mm; sourceTree = "<group>"; };
		DC96C2DD1A58472A00054033 /* HandmadeRenderer.mm */ = {isa = PBXFileReference; lastKnownFileType = sourcecode.cpp.objcpp; name = HandmadeRenderer.mm; path = ../../HandmadeRenderer.mm; sourceTree = "<group>"; };
		DC96C2DE1A58473300054033 /* glview.insert */ = {isa = PBXFileReference; lastKnownFileType = text; name = glview.insert; path = ../../glview.insert; sourceTree = "<group>"; };
		DCE3E6DD1A420441001FC368 /* handmade.cpp */ = {isa = PBXFileReference; lastKnownFileType = sourcecode.cpp.cpp; name = handmade.cpp; path = ../../handmade.cpp; sourceTree = "<group>"; };
		DCE3E6DE1A420441001FC368 /* handmade.h */ = {isa = PBXFileReference; lastKnownFileType = sourcecode.c.h; name = handmade.h; path = ../../handmade.h; sourceTree = "<group>"; };
/* End PBXFileReference section */

/* Begin PBXGroup section */
		DC8C5AF51A3D9FFD00701EF7 = {
			isa = PBXGroup;
			children = (
				DC8C5AFC1A3DA03400701EF7 /* osx_handmade.mm */,
				DCE3E6DD1A420441001FC368 /* handmade.cpp */,
				DCE3E6DE1A420441001FC368 /* handmade.h */,
				DC96C2DD1A58472A00054033 /* HandmadeRenderer.mm */,
				DC96C2DE1A58473300054033 /* glview.insert */,
			);
			sourceTree = "<group>";
		};
/* End PBXGroup section */

/* Begin PBXProject section */
		DC8C5AF61A3D9FFD00701EF7 /* Project object */ = {
			isa = PBXProject;
			attributes = {
				LastUpgradeCheck = 0610;
			};
			buildConfigurationList = DC8C5AF91A3D9FFD00701EF7 /* Build configuration list for PBXProject "DebugHandmadeHybrid" */;
			compatibilityVersion = "Xcode 3.2";
			developmentRegion = English;
			hasScannedForEncodings = 0;
			knownRegions = (
				en,
			);
			mainGroup = DC8C5AF51A3D9FFD00701EF7;
			projectDirPath = "";
			projectRoot = "";
			targets = (
			);
		};
/* End PBXProject section */

/* Begin XCBuildConfiguration section */
		DC8C5AFA1A3D9FFD00701EF7 /* Debug */ = {
			isa = XCBuildConfiguration;
			buildSettings = {
			};
			name = Debug;
		};
		DC8C5AFB1A3D9FFD00701EF7 /* Release */ = {
			isa = XCBuildConfiguration;
			buildSettings = {
			};
			name = Release;
		};
/* End XCBuildConfiguration section */

/* Begin XCConfigurationList section */
		DC8C5AF91A3D9FFD00701EF7 /* Build configuration list for PBXProject "DebugHandmadeHybrid" */ = {
			isa = XCConfigurationList;
			buildConfigurations = (
				DC8C5AFA1A3D9FFD00701EF7 /* Debug */,
				DC8C5AFB1A3D9FFD00701EF7 /* Release */,
			);
			defaultConfigurationIsVisible = 0;
			defaultConfigurationName = Release;
		};
/* End XCConfigurationList section */
	};
	rootObject = DC8C5AF61A3D9FFD00701EF7 /* Project object */;
}
